// !$*UTF8*$!
{
	archiveVersion = 1;
	classes = {
	};
	objectVersion = 46;
	objects = {

/* Begin PBXBuildFile section */
		12ED5E491D79EC3C00E67B9E /* AppDelegate.swift in Sources */ = {isa = PBXBuildFile; fileRef = 12ED5E481D79EC3C00E67B9E /* AppDelegate.swift */; };
		12ED5E4B1D79EC3C00E67B9E /* ViewController.swift in Sources */ = {isa = PBXBuildFile; fileRef = 12ED5E4A1D79EC3C00E67B9E /* ViewController.swift */; };
		12ED5E4E1D79EC3C00E67B9E /* Main.storyboard in Resources */ = {isa = PBXBuildFile; fileRef = 12ED5E4C1D79EC3C00E67B9E /* Main.storyboard */; };
		12ED5E501D79EC3D00E67B9E /* Assets.xcassets in Resources */ = {isa = PBXBuildFile; fileRef = 12ED5E4F1D79EC3D00E67B9E /* Assets.xcassets */; };
		12ED5E531D79EC3D00E67B9E /* LaunchScreen.storyboard in Resources */ = {isa = PBXBuildFile; fileRef = 12ED5E511D79EC3D00E67B9E /* LaunchScreen.storyboard */; };
		12ED5E5F1D79F70300E67B9E /* Localizable.strings in Resources */ = {isa = PBXBuildFile; fileRef = 12ED5E611D79F70300E67B9E /* Localizable.strings */; };
		C32DEE9AD02EBBD2984B8BAB /* Pods_TesteOHAutoNIBi18n.framework in Frameworks */ = {isa = PBXBuildFile; fileRef = 1C7ED2D72C639A84BDD0E5F6 /* Pods_TesteOHAutoNIBi18n.framework */; };
/* End PBXBuildFile section */

/* Begin PBXFileReference section */
		12ED5E451D79EC3C00E67B9E /* TesteOHAutoNIBi18n.app */ = {isa = PBXFileReference; explicitFileType = wrapper.application; includeInIndex = 0; path = TesteOHAutoNIBi18n.app; sourceTree = BUILT_PRODUCTS_DIR; };
		12ED5E481D79EC3C00E67B9E /* AppDelegate.swift */ = {isa = PBXFileReference; lastKnownFileType = sourcecode.swift; path = AppDelegate.swift; sourceTree = "<group>"; };
		12ED5E4A1D79EC3C00E67B9E /* ViewController.swift */ = {isa = PBXFileReference; lastKnownFileType = sourcecode.swift; path = ViewController.swift; sourceTree = "<group>"; };
		12ED5E4D1D79EC3C00E67B9E /* Base */ = {isa = PBXFileReference; lastKnownFileType = file.storyboard; name = Base; path = Base.lproj/Main.storyboard; sourceTree = "<group>"; };
		12ED5E4F1D79EC3D00E67B9E /* Assets.xcassets */ = {isa = PBXFileReference; lastKnownFileType = folder.assetcatalog; path = Assets.xcassets; sourceTree = "<group>"; };
		12ED5E521D79EC3D00E67B9E /* Base */ = {isa = PBXFileReference; lastKnownFileType = file.storyboard; name = Base; path = Base.lproj/LaunchScreen.storyboard; sourceTree = "<group>"; };
		12ED5E541D79EC3D00E67B9E /* Info.plist */ = {isa = PBXFileReference; lastKnownFileType = text.plist.xml; path = Info.plist; sourceTree = "<group>"; };
		12ED5E601D79F70300E67B9E /* en */ = {isa = PBXFileReference; lastKnownFileType = text.plist.strings; name = en; path = en.lproj/Localizable.strings; sourceTree = "<group>"; };
		12ED5E621D79F71800E67B9E /* pt-BR */ = {isa = PBXFileReference; lastKnownFileType = text.plist.strings; name = "pt-BR"; path = "pt-BR.lproj/Localizable.strings"; sourceTree = "<group>"; };
		1C7ED2D72C639A84BDD0E5F6 /* Pods_TesteOHAutoNIBi18n.framework */ = {isa = PBXFileReference; explicitFileType = wrapper.framework; includeInIndex = 0; path = Pods_TesteOHAutoNIBi18n.framework; sourceTree = BUILT_PRODUCTS_DIR; };
		AAEA1F9B10BA0D7A589B9500 /* Pods-TesteOHAutoNIBi18n.debug.xcconfig */ = {isa = PBXFileReference; includeInIndex = 1; lastKnownFileType = text.xcconfig; name = "Pods-TesteOHAutoNIBi18n.debug.xcconfig"; path = "Pods/Target Support Files/Pods-TesteOHAutoNIBi18n/Pods-TesteOHAutoNIBi18n.debug.xcconfig"; sourceTree = "<group>"; };
		BC6932A3D7D481D06364C70F /* Pods-TesteOHAutoNIBi18n.release.xcconfig */ = {isa = PBXFileReference; includeInIndex = 1; lastKnownFileType = text.xcconfig; name = "Pods-TesteOHAutoNIBi18n.release.xcconfig"; path = "Pods/Target Support Files/Pods-TesteOHAutoNIBi18n/Pods-TesteOHAutoNIBi18n.release.xcconfig"; sourceTree = "<group>"; };
/* End PBXFileReference section */

/* Begin PBXFrameworksBuildPhase section */
		12ED5E421D79EC3C00E67B9E /* Frameworks */ = {
			isa = PBXFrameworksBuildPhase;
			buildActionMask = 2147483647;
			files = (
				C32DEE9AD02EBBD2984B8BAB /* Pods_TesteOHAutoNIBi18n.framework in Frameworks */,
			);
			runOnlyForDeploymentPostprocessing = 0;
		};
/* End PBXFrameworksBuildPhase section */

/* Begin PBXGroup section */
		12ED5E3C1D79EC3C00E67B9E = {
			isa = PBXGroup;
			children = (
				12ED5E471D79EC3C00E67B9E /* TesteOHAutoNIBi18n */,
				12ED5E461D79EC3C00E67B9E /* Products */,
				FFDE14CF19577E5F3FC31F9F /* Pods */,
				ABCFBEB1AF94A1D3790A6FA7 /* Frameworks */,
			);
			sourceTree = "<group>";
		};
		12ED5E461D79EC3C00E67B9E /* Products */ = {
			isa = PBXGroup;
			children = (
				12ED5E451D79EC3C00E67B9E /* TesteOHAutoNIBi18n.app */,
			);
			name = Products;
			sourceTree = "<group>";
		};
		12ED5E471D79EC3C00E67B9E /* TesteOHAutoNIBi18n */ = {
			isa = PBXGroup;
			children = (
				12ED5E481D79EC3C00E67B9E /* AppDelegate.swift */,
				12ED5E4A1D79EC3C00E67B9E /* ViewController.swift */,
				12ED5E4C1D79EC3C00E67B9E /* Main.storyboard */,
				12ED5E4F1D79EC3D00E67B9E /* Assets.xcassets */,
				12ED5E511D79EC3D00E67B9E /* LaunchScreen.storyboard */,
				12ED5E541D79EC3D00E67B9E /* Info.plist */,
				12ED5E611D79F70300E67B9E /* Localizable.strings */,
			);
			path = TesteOHAutoNIBi18n;
			sourceTree = "<group>";
		};
		ABCFBEB1AF94A1D3790A6FA7 /* Frameworks */ = {
			isa = PBXGroup;
			children = (
				1C7ED2D72C639A84BDD0E5F6 /* Pods_TesteOHAutoNIBi18n.framework */,
			);
			name = Frameworks;
			sourceTree = "<group>";
		};
		FFDE14CF19577E5F3FC31F9F /* Pods */ = {
			isa = PBXGroup;
			children = (
				AAEA1F9B10BA0D7A589B9500 /* Pods-TesteOHAutoNIBi18n.debug.xcconfig */,
				BC6932A3D7D481D06364C70F /* Pods-TesteOHAutoNIBi18n.release.xcconfig */,
			);
			name = Pods;
			sourceTree = "<group>";
		};
/* End PBXGroup section */

/* Begin PBXNativeTarget section */
		12ED5E441D79EC3C00E67B9E /* TesteOHAutoNIBi18n */ = {
			isa = PBXNativeTarget;
			buildConfigurationList = 12ED5E571D79EC3D00E67B9E /* Build configuration list for PBXNativeTarget "TesteOHAutoNIBi18n" */;
			buildPhases = (
				D6B1AA732008CB3D2033593F /* [CP] Check Pods Manifest.lock */,
				12ED5E411D79EC3C00E67B9E /* Sources */,
				12ED5E421D79EC3C00E67B9E /* Frameworks */,
				12ED5E431D79EC3C00E67B9E /* Resources */,
				C327CFEBA0379551F86064B1 /* [CP] Embed Pods Frameworks */,
				C75EBD37B9F895F33EA410D8 /* [CP] Copy Pods Resources */,
			);
			buildRules = (
			);
			dependencies = (
			);
			name = TesteOHAutoNIBi18n;
			productName = TesteOHAutoNIBi18n;
			productReference = 12ED5E451D79EC3C00E67B9E /* TesteOHAutoNIBi18n.app */;
			productType = "com.apple.product-type.application";
		};
/* End PBXNativeTarget section */

/* Begin PBXProject section */
		12ED5E3D1D79EC3C00E67B9E /* Project object */ = {
			isa = PBXProject;
			attributes = {
				LastSwiftUpdateCheck = 0730;
				LastUpgradeCheck = 0730;
				ORGANIZATIONNAME = Qranio.com;
				TargetAttributes = {
					12ED5E441D79EC3C00E67B9E = {
						CreatedOnToolsVersion = 7.3.1;
					};
				};
			};
			buildConfigurationList = 12ED5E401D79EC3C00E67B9E /* Build configuration list for PBXProject "TesteOHAutoNIBi18n" */;
			compatibilityVersion = "Xcode 3.2";
			developmentRegion = English;
			hasScannedForEncodings = 0;
			knownRegions = (
				en,
				Base,
				"pt-BR",
			);
			mainGroup = 12ED5E3C1D79EC3C00E67B9E;
			productRefGroup = 12ED5E461D79EC3C00E67B9E /* Products */;
			projectDirPath = "";
			projectRoot = "";
			targets = (
				12ED5E441D79EC3C00E67B9E /* TesteOHAutoNIBi18n */,
			);
		};
/* End PBXProject section */

/* Begin PBXResourcesBuildPhase section */
		12ED5E431D79EC3C00E67B9E /* Resources */ = {
			isa = PBXResourcesBuildPhase;
			buildActionMask = 2147483647;
			files = (
				12ED5E531D79EC3D00E67B9E /* LaunchScreen.storyboard in Resources */,
				12ED5E5F1D79F70300E67B9E /* Localizable.strings in Resources */,
				12ED5E501D79EC3D00E67B9E /* Assets.xcassets in Resources */,
				12ED5E4E1D79EC3C00E67B9E /* Main.storyboard in Resources */,
			);
			runOnlyForDeploymentPostprocessing = 0;
		};
/* End PBXResourcesBuildPhase section */

/* Begin PBXShellScriptBuildPhase section */
		C327CFEBA0379551F86064B1 /* [CP] Embed Pods Frameworks */ = {
			isa = PBXShellScriptBuildPhase;
			buildActionMask = 2147483647;
			files = (
			);
			inputPaths = (
			);
			name = "[CP] Embed Pods Frameworks";
			outputPaths = (
			);
			runOnlyForDeploymentPostprocessing = 0;
			shellPath = /bin/sh;
			shellScript = "\"${SRCROOT}/Pods/Target Support Files/Pods-TesteOHAutoNIBi18n/Pods-TesteOHAutoNIBi18n-frameworks.sh\"\n";
			showEnvVarsInLog = 0;
		};
		C75EBD37B9F895F33EA410D8 /* [CP] Copy Pods Resources */ = {
			isa = PBXShellScriptBuildPhase;
			buildActionMask = 2147483647;
			files = (
			);
			inputPaths = (
			);
			name = "[CP] Copy Pods Resources";
			outputPaths = (
			);
			runOnlyForDeploymentPostprocessing = 0;
			shellPath = /bin/sh;
			shellScript = "\"${SRCROOT}/Pods/Target Support Files/Pods-TesteOHAutoNIBi18n/Pods-TesteOHAutoNIBi18n-resources.sh\"\n";
			showEnvVarsInLog = 0;
		};
		D6B1AA732008CB3D2033593F /* [CP] Check Pods Manifest.lock */ = {
			isa = PBXShellScriptBuildPhase;
			buildActionMask = 2147483647;
			files = (
			);
			inputPaths = (
			);
			name = "[CP] Check Pods Manifest.lock";
			outputPaths = (
			);
			runOnlyForDeploymentPostprocessing = 0;
			shellPath = /bin/sh;
			shellScript = "diff \"${PODS_ROOT}/../Podfile.lock\" \"${PODS_ROOT}/Manifest.lock\" > /dev/null\nif [[ $? != 0 ]] ; then\n    cat << EOM\nerror: The sandbox is not in sync with the Podfile.lock. Run 'pod install' or update your CocoaPods installation.\nEOM\n    exit 1\nfi\n";
			showEnvVarsInLog = 0;
		};
/* End PBXShellScriptBuildPhase section */

/* Begin PBXSourcesBuildPhase section */
		12ED5E411D79EC3C00E67B9E /* Sources */ = {
			isa = PBXSourcesBuildPhase;
			buildActionMask = 2147483647;
			files = (
				12ED5E4B1D79EC3C00E67B9E /* ViewController.swift in Sources */,
				12ED5E491D79EC3C00E67B9E /* AppDelegate.swift in Sources */,
			);
			runOnlyForDeploymentPostprocessing = 0;
		};
/* End PBXSourcesBuildPhase section */

/* Begin PBXVariantGroup section */
		12ED5E4C1D79EC3C00E67B9E /* Main.storyboard */ = {
			isa = PBXVariantGroup;
			children = (
				12ED5E4D1D79EC3C00E67B9E /* Base */,
			);
			name = Main.storyboard;
			sourceTree = "<group>";
		};
		12ED5E511D79EC3D00E67B9E /* LaunchScreen.storyboard */ = {
			isa = PBXVariantGroup;
			children = (
				12ED5E521D79EC3D00E67B9E /* Base */,
			);
			name = LaunchScreen.storyboard;
			sourceTree = "<group>";
		};
		12ED5E611D79F70300E67B9E /* Localizable.strings */ = {
			isa = PBXVariantGroup;
			children = (
				12ED5E601D79F70300E67B9E /* en */,
				12ED5E621D79F71800E67B9E /* pt-BR */,
			);
			name = Localizable.strings;
			sourceTree = "<group>";
		};
/* End PBXVariantGroup section */

/* Begin XCBuildConfiguration section */
		12ED5E551D79EC3D00E67B9E /* Debug */ = {
			isa = XCBuildConfiguration;
			buildSettings = {
				ALWAYS_SEARCH_USER_PATHS = NO;
				CLANG_ANALYZER_NONNULL = YES;
				CLANG_CXX_LANGUAGE_STANDARD = "gnu++0x";
				CLANG_CXX_LIBRARY = "libc++";
				CLANG_ENABLE_MODULES = YES;
				CLANG_ENABLE_OBJC_ARC = YES;
				CLANG_WARN_BOOL_CONVERSION = YES;
				CLANG_WARN_CONSTANT_CONVERSION = YES;
				CLANG_WARN_DIRECT_OBJC_ISA_USAGE = YES_ERROR;
				CLANG_WARN_EMPTY_BODY = YES;
				CLANG_WARN_ENUM_CONVERSION = YES;
				CLANG_WARN_INT_CONVERSION = YES;
				CLANG_WARN_OBJC_ROOT_CLASS = YES_ERROR;
				CLANG_WARN_UNREACHABLE_CODE = YES;
				CLANG_WARN__DUPLICATE_METHOD_MATCH = YES;
				"CODE_SIGN_IDENTITY[sdk=iphoneos*]" = "iPhone Developer";
				COPY_PHASE_STRIP = NO;
				DEBUG_INFORMATION_FORMAT = dwarf;
				ENABLE_STRICT_OBJC_MSGSEND = YES;
				ENABLE_TESTABILITY = YES;
				GCC_C_LANGUAGE_STANDARD = gnu99;
				GCC_DYNAMIC_NO_PIC = NO;
				GCC_NO_COMMON_BLOCKS = YES;
				GCC_OPTIMIZATION_LEVEL = 0;
				GCC_PREPROCESSOR_DEFINITIONS = (
					"DEBUG=1",
					"$(inherited)",
				);
				GCC_WARN_64_TO_32_BIT_CONVERSION = YES;
				GCC_WARN_ABOUT_RETURN_TYPE = YES_ERROR;
				GCC_WARN_UNDECLARED_SELECTOR = YES;
				GCC_WARN_UNINITIALIZED_AUTOS = YES_AGGRESSIVE;
				GCC_WARN_UNUSED_FUNCTION = YES;
				GCC_WARN_UNUSED_VARIABLE = YES;
				IPHONEOS_DEPLOYMENT_TARGET = 9.3;
				MTL_ENABLE_DEBUG_INFO = YES;
				ONLY_ACTIVE_ARCH = YES;
				SDKROOT = iphoneos;
				SWIFT_OPTIMIZATION_LEVEL = "-Onone";
				TARGETED_DEVICE_FAMILY = "1,2";
			};
			name = Debug;
		};
		12ED5E561D79EC3D00E67B9E /* Release */ = {
			isa = XCBuildConfiguration;
			buildSettings = {
				ALWAYS_SEARCH_USER_PATHS = NO;
				CLANG_ANALYZER_NONNULL = YES;
				CLANG_CXX_LANGUAGE_STANDARD = "gnu++0x";
				CLANG_CXX_LIBRARY = "libc++";
				CLANG_ENABLE_MODULES = YES;
				CLANG_ENABLE_OBJC_ARC = YES;
				CLANG_WARN_BOOL_CONVERSION = YES;
				CLANG_WARN_CONSTANT_CONVERSION = YES;
				CLANG_WARN_DIRECT_OBJC_ISA_USAGE = YES_ERROR;
				CLANG_WARN_EMPTY_BODY = YES;
				CLANG_WARN_ENUM_CONVERSION = YES;
				CLANG_WARN_INT_CONVERSION = YES;
				CLANG_WARN_OBJC_ROOT_CLASS = YES_ERROR;
				CLANG_WARN_UNREACHABLE_CODE = YES;
				CLANG_WARN__DUPLICATE_METHOD_MATCH = YES;
				"CODE_SIGN_IDENTITY[sdk=iphoneos*]" = "iPhone Developer";
				COPY_PHASE_STRIP = NO;
				DEBUG_INFORMATION_FORMAT = "dwarf-with-dsym";
				ENABLE_NS_ASSERTIONS = NO;
				ENABLE_STRICT_OBJC_MSGSEND = YES;
				GCC_C_LANGUAGE_STANDARD = gnu99;
				GCC_NO_COMMON_BLOCKS = YES;
				GCC_WARN_64_TO_32_BIT_CONVERSION = YES;
				GCC_WARN_ABOUT_RETURN_TYPE = YES_ERROR;
				GCC_WARN_UNDECLARED_SELECTOR = YES;
				GCC_WARN_UNINITIALIZED_AUTOS = YES_AGGRESSIVE;
				GCC_WARN_UNUSED_FUNCTION = YES;
				GCC_WARN_UNUSED_VARIABLE = YES;
				IPHONEOS_DEPLOYMENT_TARGET = 9.3;
				MTL_ENABLE_DEBUG_INFO = NO;
				SDKROOT = iphoneos;
				TARGETED_DEVICE_FAMILY = "1,2";
				VALIDATE_PRODUCT = YES;
			};
			name = Release;
		};
		12ED5E581D79EC3D00E67B9E /* Debug */ = {
			isa = XCBuildConfiguration;
			baseConfigurationReference = AAEA1F9B10BA0D7A589B9500 /* Pods-TesteOHAutoNIBi18n.debug.xcconfig */;
			buildSettings = {
				ASSETCATALOG_COMPILER_APPICON_NAME = AppIcon;
				INFOPLIST_FILE = TesteOHAutoNIBi18n/Info.plist;
				LD_RUNPATH_SEARCH_PATHS = "$(inherited) @executable_path/Frameworks";
				PRODUCT_BUNDLE_IDENTIFIER = com.qranio.TesteOHAutoNIBi18n;
				PRODUCT_NAME = "$(TARGET_NAME)";
			};
			name = Debug;
		};
		12ED5E591D79EC3D00E67B9E /* Release */ = {
			isa = XCBuildConfiguration;
			baseConfigurationReference = BC6932A3D7D481D06364C70F /* Pods-TesteOHAutoNIBi18n.release.xcconfig */;
			buildSettings = {
				ASSETCATALOG_COMPILER_APPICON_NAME = AppIcon;
				INFOPLIST_FILE = TesteOHAutoNIBi18n/Info.plist;
				LD_RUNPATH_SEARCH_PATHS = "$(inherited) @executable_path/Frameworks";
				PRODUCT_BUNDLE_IDENTIFIER = com.qranio.TesteOHAutoNIBi18n;
				PRODUCT_NAME = "$(TARGET_NAME)";
			};
			name = Release;
		};
/* End XCBuildConfiguration section */

/* Begin XCConfigurationList section */
		12ED5E401D79EC3C00E67B9E /* Build configuration list for PBXProject "TesteOHAutoNIBi18n" */ = {
			isa = XCConfigurationList;
			buildConfigurations = (
				12ED5E551D79EC3D00E67B9E /* Debug */,
				12ED5E561D79EC3D00E67B9E /* Release */,
			);
			defaultConfigurationIsVisible = 0;
			defaultConfigurationName = Release;
		};
		12ED5E571D79EC3D00E67B9E /* Build configuration list for PBXNativeTarget "TesteOHAutoNIBi18n" */ = {
			isa = XCConfigurationList;
			buildConfigurations = (
				12ED5E581D79EC3D00E67B9E /* Debug */,
				12ED5E591D79EC3D00E67B9E /* Release */,
			);
			defaultConfigurationIsVisible = 0;
			defaultConfigurationName = Release;
		};
/* End XCConfigurationList section */
	};
	rootObject = 12ED5E3D1D79EC3C00E67B9E /* Project object */;
}
